{
  "version": 4,
  "terraform_version": "1.1.8",
  "serial": 11,
  "lineage": "ef4a7636-cc50-89ec-70a4-cba297a37fcb",
  "outputs": {},
  "resources": [
    {
      "module": "module.env",
      "mode": "managed",
      "type": "azurerm_resource_group",
      "name": "rg",
      "provider": "provider[\"registry.terraform.io/hashicorp/azurerm\"]",
      "instances": [
        {
          "schema_version": 0,
          "attributes": {
            "id": "/subscriptions/4f0c64ca-897a-458d-9574-dda8d1dfe663/resourceGroups/bc-prd-website-rg01",
            "location": "uksouth",
            "name": "bc-prd-website-rg01",
            "tags": {
              "owner": "Benjamin Crew",
              "usage": "Resource Group to store website resources."
            },
            "timeouts": null
          },
          "sensitive_attributes": [],
          "private": "eyJlMmJmYjczMC1lY2FhLTExZTYtOGY4OC0zNDM2M2JjN2M0YzAiOnsiY3JlYXRlIjo1NDAwMDAwMDAwMDAwLCJkZWxldGUiOjU0MDAwMDAwMDAwMDAsInJlYWQiOjMwMDAwMDAwMDAwMCwidXBkYXRlIjo1NDAwMDAwMDAwMDAwfX0="
        }
      ]
    },
    {
      "module": "module.env",
      "mode": "managed",
      "type": "azurerm_storage_account",
      "name": "tf_sa",
      "provider": "provider[\"registry.terraform.io/hashicorp/azurerm\"]",
      "instances": [
        {
          "schema_version": 3,
          "attributes": {
            "access_tier": "Hot",
            "account_kind": "StorageV2",
            "account_replication_type": "LRS",
            "account_tier": "Standard",
            "allow_nested_items_to_be_public": true,
            "azure_files_authentication": [],
            "blob_properties": [
              {
                "change_feed_enabled": false,
                "container_delete_retention_policy": [],
                "cors_rule": [],
                "default_service_version": "",
                "delete_retention_policy": [],
                "last_access_time_enabled": false,
                "versioning_enabled": false
              }
            ],
            "custom_domain": [],
            "customer_managed_key": [],
            "edge_zone": "",
            "enable_https_traffic_only": true,
            "id": "/subscriptions/4f0c64ca-897a-458d-9574-dda8d1dfe663/resourceGroups/bc-prd-website-rg01/providers/Microsoft.Storage/storageAccounts/bcprdwebsitetfsa01",
            "identity": [],
            "infrastructure_encryption_enabled": false,
            "is_hns_enabled": false,
            "large_file_share_enabled": null,
            "location": "uksouth",
            "min_tls_version": "TLS1_2",
            "name": "bcprdwebsitetfsa01",
            "network_rules": [
              {
                "bypass": [
                  "AzureServices"
                ],
                "default_action": "Allow",
                "ip_rules": [],
                "private_link_access": [],
                "virtual_network_subnet_ids": []
              }
            ],
            "nfsv3_enabled": false,
            "primary_access_key": "LKh/TbCKR7hoZ6sN+IVmHIICVVwnkjEKw7wWmKAKxWEdV3vO4ZCkUPbb8f+ixm/Ob85BC8gMh4U8MNX27uL7DQ==",
            "primary_blob_connection_string": "DefaultEndpointsProtocol=https;BlobEndpoint=https://bcprdwebsitetfsa01.blob.core.windows.net/;AccountName=bcprdwebsitetfsa01;AccountKey=LKh/TbCKR7hoZ6sN+IVmHIICVVwnkjEKw7wWmKAKxWEdV3vO4ZCkUPbb8f+ixm/Ob85BC8gMh4U8MNX27uL7DQ==",
            "primary_blob_endpoint": "https://bcprdwebsitetfsa01.blob.core.windows.net/",
            "primary_blob_host": "bcprdwebsitetfsa01.blob.core.windows.net",
            "primary_connection_string": "DefaultEndpointsProtocol=https;AccountName=bcprdwebsitetfsa01;AccountKey=LKh/TbCKR7hoZ6sN+IVmHIICVVwnkjEKw7wWmKAKxWEdV3vO4ZCkUPbb8f+ixm/Ob85BC8gMh4U8MNX27uL7DQ==;EndpointSuffix=core.windows.net",
            "primary_dfs_endpoint": "https://bcprdwebsitetfsa01.dfs.core.windows.net/",
            "primary_dfs_host": "bcprdwebsitetfsa01.dfs.core.windows.net",
            "primary_file_endpoint": "https://bcprdwebsitetfsa01.file.core.windows.net/",
            "primary_file_host": "bcprdwebsitetfsa01.file.core.windows.net",
            "primary_location": "uksouth",
            "primary_queue_endpoint": "https://bcprdwebsitetfsa01.queue.core.windows.net/",
            "primary_queue_host": "bcprdwebsitetfsa01.queue.core.windows.net",
            "primary_table_endpoint": "https://bcprdwebsitetfsa01.table.core.windows.net/",
            "primary_table_host": "bcprdwebsitetfsa01.table.core.windows.net",
            "primary_web_endpoint": "https://bcprdwebsitetfsa01.z33.web.core.windows.net/",
            "primary_web_host": "bcprdwebsitetfsa01.z33.web.core.windows.net",
            "queue_encryption_key_type": "Service",
            "queue_properties": [
              {
                "cors_rule": [],
                "hour_metrics": [
                  {
                    "enabled": true,
                    "include_apis": true,
                    "retention_policy_days": 7,
                    "version": "1.0"
                  }
                ],
                "logging": [
                  {
                    "delete": false,
                    "read": false,
                    "retention_policy_days": 0,
                    "version": "1.0",
                    "write": false
                  }
                ],
                "minute_metrics": [
                  {
                    "enabled": false,
                    "include_apis": false,
                    "retention_policy_days": 0,
                    "version": "1.0"
                  }
                ]
              }
            ],
            "resource_group_name": "bc-prd-website-rg01",
            "routing": [],
            "secondary_access_key": "DuH50Z3UwQbW8us+OfjwULP2iQhNxkul0Zl7ATwoPL27UDwMbPTtrIryZg7P1WVLnQtp6KHdKwYy/L68sb0R/Q==",
            "secondary_blob_connection_string": "",
            "secondary_blob_endpoint": null,
            "secondary_blob_host": null,
            "secondary_connection_string": "DefaultEndpointsProtocol=https;AccountName=bcprdwebsitetfsa01;AccountKey=DuH50Z3UwQbW8us+OfjwULP2iQhNxkul0Zl7ATwoPL27UDwMbPTtrIryZg7P1WVLnQtp6KHdKwYy/L68sb0R/Q==;EndpointSuffix=core.windows.net",
            "secondary_dfs_endpoint": null,
            "secondary_dfs_host": null,
            "secondary_file_endpoint": null,
            "secondary_file_host": null,
            "secondary_location": "",
            "secondary_queue_endpoint": null,
            "secondary_queue_host": null,
            "secondary_table_endpoint": null,
            "secondary_table_host": null,
            "secondary_web_endpoint": null,
            "secondary_web_host": null,
            "share_properties": [
              {
                "cors_rule": [],
                "retention_policy": [
                  {
                    "days": 7
                  }
                ],
                "smb": []
              }
            ],
            "shared_access_key_enabled": true,
            "static_website": [],
            "table_encryption_key_type": "Service",
            "tags": {
              "owner": "Benjamin Crew",
              "usage": "Storage account to host static website tfstate files."
            },
            "timeouts": null
          },
          "sensitive_attributes": [],
          "private": "eyJlMmJmYjczMC1lY2FhLTExZTYtOGY4OC0zNDM2M2JjN2M0YzAiOnsiY3JlYXRlIjozNjAwMDAwMDAwMDAwLCJkZWxldGUiOjM2MDAwMDAwMDAwMDAsInJlYWQiOjMwMDAwMDAwMDAwMCwidXBkYXRlIjozNjAwMDAwMDAwMDAwfSwic2NoZW1hX3ZlcnNpb24iOiIzIn0=",
          "dependencies": [
            "module.env.azurerm_resource_group.rg"
          ]
        }
      ]
    },
    {
      "module": "module.env",
      "mode": "managed",
      "type": "azurerm_storage_container",
      "name": "tfstate_container",
      "provider": "provider[\"registry.terraform.io/hashicorp/azurerm\"]",
      "instances": [
        {
          "schema_version": 1,
          "attributes": {
            "container_access_type": "private",
            "has_immutability_policy": false,
            "has_legal_hold": false,
            "id": "https://bcprdwebsitetfsa01.blob.core.windows.net/tfstate",
            "metadata": {},
            "name": "tfstate",
            "resource_manager_id": "/subscriptions/4f0c64ca-897a-458d-9574-dda8d1dfe663/resourceGroups/bc-prd-website-rg01/providers/Microsoft.Storage/storageAccounts/bcprdwebsitetfsa01/blobServices/default/containers/tfstate",
            "storage_account_name": "bcprdwebsitetfsa01",
            "timeouts": null
          },
          "sensitive_attributes": [],
          "private": "eyJlMmJmYjczMC1lY2FhLTExZTYtOGY4OC0zNDM2M2JjN2M0YzAiOnsiY3JlYXRlIjoxODAwMDAwMDAwMDAwLCJkZWxldGUiOjE4MDAwMDAwMDAwMDAsInJlYWQiOjMwMDAwMDAwMDAwMCwidXBkYXRlIjoxODAwMDAwMDAwMDAwfSwic2NoZW1hX3ZlcnNpb24iOiIxIn0=",
          "dependencies": [
            "module.env.azurerm_storage_account.tf_sa"
          ]
        }
      ]
    }
  ]
}
